
Microsoft Visual Studio Solution File, Format Version 12.00
# Visual Studio 15
VisualStudioVersion = 15.0.26730.16
MinimumVisualStudioVersion = 10.0.40219.1
Project("{FAE04EC0-301F-11D3-BF4B-00C04F79EFBC}") = "TestCase3", "TestCase3\TestCase3.csproj", "{5F650BA8-1ED1-4CD1-9DAB-52400B64CE7E}"
EndProject
Global
	GlobalSection(SolutionConfigurationPlatforms) = preSolution
		Debug|Any CPU = Debug|Any CPU
		Release|Any CPU = Release|Any CPU
	EndGlobalSection
	GlobalSection(ProjectConfigurationPlatforms) = postSolution
		{5F650BA8-1ED1-4CD1-9DAB-52400B64CE7E}.Debug|Any CPU.ActiveCfg = Debug|Any CPU
		{5F650BA8-1ED1-4CD1-9DAB-52400B64CE7E}.Debug|Any CPU.Build.0 = Debug|Any CPU
		{5F650BA8-1ED1-4CD1-9DAB-52400B64CE7E}.Release|Any CPU.ActiveCfg = Release|Any CPU
		{5F650BA8-1ED1-4CD1-9DAB-52400B64CE7E}.Release|Any CPU.Build.0 = Release|Any CPU
	EndGlobalSection
	GlobalSection(SolutionProperties) = preSolution
		HideSolutionNode = FALSE
	EndGlobalSection
	GlobalSection(ExtensibilityGlobals) = postSolution
		SolutionGuid = {0861D143-1D43-4A85-A8EC-0F29555AC197}
	EndGlobalSection
EndGlobal
